
Microsoft Visual Studio Solution File, Format Version 12.00
# Visual Studio Version 16
VisualStudioVersion = 16.0.29709.97
MinimumVisualStudioVersion = 10.0.40219.1
Project("{FAE04EC0-301F-11D3-BF4B-00C04F79EFBC}") = "unicaes2011ml604", "unicaes2011ml604.csproj", "{15FCAE41-24A8-49AA-B0F2-EF9C2124CCC1}"
EndProject
Global
	GlobalSection(SolutionConfigurationPlatforms) = preSolution
		Debug|Any CPU = Debug|Any CPU
		Release|Any CPU = Release|Any CPU
	EndGlobalSection
	GlobalSection(ProjectConfigurationPlatforms) = postSolution
		{15FCAE41-24A8-49AA-B0F2-EF9C2124CCC1}.Debug|Any CPU.ActiveCfg = Debug|Any CPU
		{15FCAE41-24A8-49AA-B0F2-EF9C2124CCC1}.Debug|Any CPU.Build.0 = Debug|Any CPU
		{15FCAE41-24A8-49AA-B0F2-EF9C2124CCC1}.Release|Any CPU.ActiveCfg = Release|Any CPU
		{15FCAE41-24A8-49AA-B0F2-EF9C2124CCC1}.Release|Any CPU.Build.0 = Release|Any CPU
	EndGlobalSection
	GlobalSection(SolutionProperties) = preSolution
		HideSolutionNode = FALSE
	EndGlobalSection
	GlobalSection(ExtensibilityGlobals) = postSolution
		SolutionGuid = {24076A69-44FC-437D-BB7A-0D72BF946F2F}
	EndGlobalSection
EndGlobal
